
Microsoft Visual Studio Solution File, Format Version 12.00
# Visual Studio Version 17
VisualStudioVersion = 17.7.34202.233
MinimumVisualStudioVersion = 10.0.40219.1
Project("{8BC9CEB8-8B4A-11D0-8D11-00A0C91BC942}") = "dll", "src\dll.vcxproj", "{EEB64B1B-0A77-436F-ADEF-262FE008A046}"
EndProject
Project("{8BC9CEB8-8B4A-11D0-8D11-00A0C91BC942}") = "lib", "src\lib.vcxproj", "{6EBFB319-B26D-46AA-B0A9-36A3EFE14E32}"
EndProject
Project("{8BC9CEB8-8B4A-11D0-8D11-00A0C91BC942}") = "cli", "src\cli.vcxproj", "{C1D465CE-B03C-4D34-A33F-23E086F2F800}"
	ProjectSection(ProjectDependencies) = postProject
		{6EBFB319-B26D-46AA-B0A9-36A3EFE14E32} = {6EBFB319-B26D-46AA-B0A9-36A3EFE14E32}
	EndProjectSection
EndProject
Global
	GlobalSection(SolutionConfigurationPlatforms) = preSolution
		Debug|x64 = Debug|x64
		Debug|x86 = Debug|x86
		Release|x64 = Release|x64
		Release|x86 = Release|x86
	EndGlobalSection
	GlobalSection(ProjectConfigurationPlatforms) = postSolution
		{EEB64B1B-0A77-436F-ADEF-262FE008A046}.Debug|x64.ActiveCfg = Debug|x64
		{EEB64B1B-0A77-436F-ADEF-262FE008A046}.Debug|x64.Build.0 = Debug|x64
		{EEB64B1B-0A77-436F-ADEF-262FE008A046}.Debug|x86.ActiveCfg = Debug|Win32
		{EEB64B1B-0A77-436F-ADEF-262FE008A046}.Debug|x86.Build.0 = Debug|Win32
		{EEB64B1B-0A77-436F-ADEF-262FE008A046}.Release|x64.ActiveCfg = Release|x64
		{EEB64B1B-0A77-436F-ADEF-262FE008A046}.Release|x64.Build.0 = Release|x64
		{EEB64B1B-0A77-436F-ADEF-262FE008A046}.Release|x86.ActiveCfg = Release|Win32
		{EEB64B1B-0A77-436F-ADEF-262FE008A046}.Release|x86.Build.0 = Release|Win32
		{6EBFB319-B26D-46AA-B0A9-36A3EFE14E32}.Debug|x64.ActiveCfg = Debug|x64
		{6EBFB319-B26D-46AA-B0A9-36A3EFE14E32}.Debug|x64.Build.0 = Debug|x64
		{6EBFB319-B26D-46AA-B0A9-36A3EFE14E32}.Debug|x86.ActiveCfg = Debug|Win32
		{6EBFB319-B26D-46AA-B0A9-36A3EFE14E32}.Debug|x86.Build.0 = Debug|Win32
		{6EBFB319-B26D-46AA-B0A9-36A3EFE14E32}.Release|x64.ActiveCfg = Release|x64
		{6EBFB319-B26D-46AA-B0A9-36A3EFE14E32}.Release|x64.Build.0 = Release|x64
		{6EBFB319-B26D-46AA-B0A9-36A3EFE14E32}.Release|x86.ActiveCfg = Release|Win32
		{6EBFB319-B26D-46AA-B0A9-36A3EFE14E32}.Release|x86.Build.0 = Release|Win32
		{C1D465CE-B03C-4D34-A33F-23E086F2F800}.Debug|x64.ActiveCfg = Debug|x64
		{C1D465CE-B03C-4D34-A33F-23E086F2F800}.Debug|x64.Build.0 = Debug|x64
		{C1D465CE-B03C-4D34-A33F-23E086F2F800}.Debug|x86.ActiveCfg = Debug|Win32
		{C1D465CE-B03C-4D34-A33F-23E086F2F800}.Debug|x86.Build.0 = Debug|Win32
		{C1D465CE-B03C-4D34-A33F-23E086F2F800}.Release|x64.ActiveCfg = Release|x64
		{C1D465CE-B03C-4D34-A33F-23E086F2F800}.Release|x64.Build.0 = Release|x64
		{C1D465CE-B03C-4D34-A33F-23E086F2F800}.Release|x86.ActiveCfg = Release|Win32
		{C1D465CE-B03C-4D34-A33F-23E086F2F800}.Release|x86.Build.0 = Release|Win32
	EndGlobalSection
	GlobalSection(SolutionProperties) = preSolution
		HideSolutionNode = FALSE
	EndGlobalSection
	GlobalSection(ExtensibilityGlobals) = postSolution
		SolutionGuid = {DE7E79B3-7D2E-4C42-A619-D66F89FB4E17}
	EndGlobalSection
EndGlobal
